// !$*UTF8*$!
{
	archiveVersion = 1;
	classes = {
	};
	objectVersion = 48;
	objects = {

/* Begin PBXBuildFile section */
		864D8E5220283B8800FD83A2 /* AppDelegate.m in Sources */ = {isa = PBXBuildFile; fileRef = 864D8E5120283B8800FD83A2 /* AppDelegate.m */; };
		864D8E5520283B8800FD83A2 /* ViewController.m in Sources */ = {isa = PBXBuildFile; fileRef = 864D8E5420283B8800FD83A2 /* ViewController.m */; };
		864D8E5820283B8800FD83A2 /* Main.storyboard in Resources */ = {isa = PBXBuildFile; fileRef = 864D8E5620283B8800FD83A2 /* Main.storyboard */; };
		864D8E5A20283B8800FD83A2 /* Assets.xcassets in Resources */ = {isa = PBXBuildFile; fileRef = 864D8E5920283B8800FD83A2 /* Assets.xcassets */; };
		864D8E5D20283B8800FD83A2 /* LaunchScreen.storyboard in Resources */ = {isa = PBXBuildFile; fileRef = 864D8E5B20283B8800FD83A2 /* LaunchScreen.storyboard */; };
		864D8E6020283B8800FD83A2 /* main.m in Sources */ = {isa = PBXBuildFile; fileRef = 864D8E5F20283B8800FD83A2 /* main.m */; };
		864D8E6A20283B8800FD83A2 /* HelloworldTests.m in Sources */ = {isa = PBXBuildFile; fileRef = 864D8E6920283B8800FD83A2 /* HelloworldTests.m */; };
		864D8E7520283B8800FD83A2 /* HelloworldUITests.m in Sources */ = {isa = PBXBuildFile; fileRef = 864D8E7420283B8800FD83A2 /* HelloworldUITests.m */; };
		864D8E8520284CDF00FD83A2 /* TestView.m in Sources */ = {isa = PBXBuildFile; fileRef = 864D8E8420284CDF00FD83A2 /* TestView.m */; };
		C81580347EF34DE7E920AED7 /* libPods-Helloworld.a in Frameworks */ = {isa = PBXBuildFile; fileRef = 7435BB3D3EE3C696ADE5053A /* libPods-Helloworld.a */; };
/* End PBXBuildFile section */

/* Begin PBXContainerItemProxy section */
		864D8E6620283B8800FD83A2 /* PBXContainerItemProxy */ = {
			isa = PBXContainerItemProxy;
			containerPortal = 864D8E4520283B8800FD83A2 /* Project object */;
			proxyType = 1;
			remoteGlobalIDString = 864D8E4C20283B8800FD83A2;
			remoteInfo = Helloworld;
		};
		864D8E7120283B8800FD83A2 /* PBXContainerItemProxy */ = {
			isa = PBXContainerItemProxy;
			containerPortal = 864D8E4520283B8800FD83A2 /* Project object */;
			proxyType = 1;
			remoteGlobalIDString = 864D8E4C20283B8800FD83A2;
			remoteInfo = Helloworld;
		};
/* End PBXContainerItemProxy section */

/* Begin PBXFileReference section */
		7435BB3D3EE3C696ADE5053A /* libPods-Helloworld.a */ = {isa = PBXFileReference; explicitFileType = archive.ar; includeInIndex = 0; path = "libPods-Helloworld.a"; sourceTree = BUILT_PRODUCTS_DIR; };
		864D8E4D20283B8800FD83A2 /* Helloworld.app */ = {isa = PBXFileReference; explicitFileType = wrapper.application; includeInIndex = 0; path = Helloworld.app; sourceTree = BUILT_PRODUCTS_DIR; };
		864D8E5020283B8800FD83A2 /* AppDelegate.h */ = {isa = PBXFileReference; lastKnownFileType = sourcecode.c.h; path = AppDelegate.h; sourceTree = "<group>"; };
		864D8E5120283B8800FD83A2 /* AppDelegate.m */ = {isa = PBXFileReference; lastKnownFileType = sourcecode.c.objc; path = AppDelegate.m; sourceTree = "<group>"; };
		864D8E5320283B8800FD83A2 /* ViewController.h */ = {isa = PBXFileReference; lastKnownFileType = sourcecode.c.h; path = ViewController.h; sourceTree = "<group>"; };
		864D8E5420283B8800FD83A2 /* ViewController.m */ = {isa = PBXFileReference; lastKnownFileType = sourcecode.c.objc; path = ViewController.m; sourceTree = "<group>"; };
		864D8E5720283B8800FD83A2 /* Base */ = {isa = PBXFileReference; lastKnownFileType = file.storyboard; name = Base; path = Base.lproj/Main.storyboard; sourceTree = "<group>"; };
		864D8E5920283B8800FD83A2 /* Assets.xcassets */ = {isa = PBXFileReference; lastKnownFileType = folder.assetcatalog; path = Assets.xcassets; sourceTree = "<group>"; };
		864D8E5C20283B8800FD83A2 /* Base */ = {isa = PBXFileReference; lastKnownFileType = file.storyboard; name = Base; path = Base.lproj/LaunchScreen.storyboard; sourceTree = "<group>"; };
		864D8E5E20283B8800FD83A2 /* Info.plist */ = {isa = PBXFileReference; lastKnownFileType = text.plist.xml; path = Info.plist; sourceTree = "<group>"; };
		864D8E5F20283B8800FD83A2 /* main.m */ = {isa = PBXFileReference; lastKnownFileType = sourcecode.c.objc; path = main.m; sourceTree = "<group>"; };
		864D8E6520283B8800FD83A2 /* HelloworldTests.xctest */ = {isa = PBXFileReference; explicitFileType = wrapper.cfbundle; includeInIndex = 0; path = HelloworldTests.xctest; sourceTree = BUILT_PRODUCTS_DIR; };
		864D8E6920283B8800FD83A2 /* HelloworldTests.m */ = {isa = PBXFileReference; lastKnownFileType = sourcecode.c.objc; path = HelloworldTests.m; sourceTree = "<group>"; };
		864D8E6B20283B8800FD83A2 /* Info.plist */ = {isa = PBXFileReference; lastKnownFileType = text.plist.xml; path = Info.plist; sourceTree = "<group>"; };
		864D8E7020283B8800FD83A2 /* HelloworldUITests.xctest */ = {isa = PBXFileReference; explicitFileType = wrapper.cfbundle; includeInIndex = 0; path = HelloworldUITests.xctest; sourceTree = BUILT_PRODUCTS_DIR; };
		864D8E7420283B8800FD83A2 /* HelloworldUITests.m */ = {isa = PBXFileReference; lastKnownFileType = sourcecode.c.objc; path = HelloworldUITests.m; sourceTree = "<group>"; };
		864D8E7620283B8800FD83A2 /* Info.plist */ = {isa = PBXFileReference; lastKnownFileType = text.plist.xml; path = Info.plist; sourceTree = "<group>"; };
		864D8E8320284CDF00FD83A2 /* TestView.h */ = {isa = PBXFileReference; lastKnownFileType = sourcecode.c.h; path = TestView.h; sourceTree = "<group>"; };
		864D8E8420284CDF00FD83A2 /* TestView.m */ = {isa = PBXFileReference; lastKnownFileType = sourcecode.c.objc; path = TestView.m; sourceTree = "<group>"; };
		8C1A696B1ED8C603FE8348D4 /* Pods-Helloworld.release.xcconfig */ = {isa = PBXFileReference; includeInIndex = 1; lastKnownFileType = text.xcconfig; name = "Pods-Helloworld.release.xcconfig"; path = "Pods/Target Support Files/Pods-Helloworld/Pods-Helloworld.release.xcconfig"; sourceTree = "<group>"; };
		E436FEC11EB9267BA999AF0D /* Pods-Helloworld.debug.xcconfig */ = {isa = PBXFileReference; includeInIndex = 1; lastKnownFileType = text.xcconfig; name = "Pods-Helloworld.debug.xcconfig"; path = "Pods/Target Support Files/Pods-Helloworld/Pods-Helloworld.debug.xcconfig"; sourceTree = "<group>"; };
/* End PBXFileReference section */

/* Begin PBXFrameworksBuildPhase section */
		864D8E4A20283B8800FD83A2 /* Frameworks */ = {
			isa = PBXFrameworksBuildPhase;
			buildActionMask = 2147483647;
			files = (
				C81580347EF34DE7E920AED7 /* libPods-Helloworld.a in Frameworks */,
			);
			runOnlyForDeploymentPostprocessing = 0;
		};
		864D8E6220283B8800FD83A2 /* Frameworks */ = {
			isa = PBXFrameworksBuildPhase;
			buildActionMask = 2147483647;
			files = (
			);
			runOnlyForDeploymentPostprocessing = 0;
		};
		864D8E6D20283B8800FD83A2 /* Frameworks */ = {
			isa = PBXFrameworksBuildPhase;
			buildActionMask = 2147483647;
			files = (
			);
			runOnlyForDeploymentPostprocessing = 0;
		};
/* End PBXFrameworksBuildPhase section */

/* Begin PBXGroup section */
		864D8E4420283B8800FD83A2 = {
			isa = PBXGroup;
			children = (
				864D8E4F20283B8800FD83A2 /* Helloworld */,
				864D8E6820283B8800FD83A2 /* HelloworldTests */,
				864D8E7320283B8800FD83A2 /* HelloworldUITests */,
				864D8E4E20283B8800FD83A2 /* Products */,
				ED78E5570FE23021A14CAAFE /* Pods */,
				8FC7F8924CDE4DD0A8D052FD /* Frameworks */,
			);
			sourceTree = "<group>";
		};
		864D8E4E20283B8800FD83A2 /* Products */ = {
			isa = PBXGroup;
			children = (
				864D8E4D20283B8800FD83A2 /* Helloworld.app */,
				864D8E6520283B8800FD83A2 /* HelloworldTests.xctest */,
				864D8E7020283B8800FD83A2 /* HelloworldUITests.xctest */,
			);
			name = Products;
			sourceTree = "<group>";
		};
		864D8E4F20283B8800FD83A2 /* Helloworld */ = {
			isa = PBXGroup;
			children = (
				864D8E8220284CC600FD83A2 /* TestView */,
				864D8E5020283B8800FD83A2 /* AppDelegate.h */,
				864D8E5120283B8800FD83A2 /* AppDelegate.m */,
				864D8E5320283B8800FD83A2 /* ViewController.h */,
				864D8E5420283B8800FD83A2 /* ViewController.m */,
				864D8E5620283B8800FD83A2 /* Main.storyboard */,
				864D8E5920283B8800FD83A2 /* Assets.xcassets */,
				864D8E5B20283B8800FD83A2 /* LaunchScreen.storyboard */,
				864D8E5E20283B8800FD83A2 /* Info.plist */,
				864D8E5F20283B8800FD83A2 /* main.m */,
			);
			path = Helloworld;
			sourceTree = "<group>";
		};
		864D8E6820283B8800FD83A2 /* HelloworldTests */ = {
			isa = PBXGroup;
			children = (
				864D8E6920283B8800FD83A2 /* HelloworldTests.m */,
				864D8E6B20283B8800FD83A2 /* Info.plist */,
			);
			path = HelloworldTests;
			sourceTree = "<group>";
		};
		864D8E7320283B8800FD83A2 /* HelloworldUITests */ = {
			isa = PBXGroup;
			children = (
				864D8E7420283B8800FD83A2 /* HelloworldUITests.m */,
				864D8E7620283B8800FD83A2 /* Info.plist */,
			);
			path = HelloworldUITests;
			sourceTree = "<group>";
		};
		864D8E8220284CC600FD83A2 /* TestView */ = {
			isa = PBXGroup;
			children = (
				864D8E8320284CDF00FD83A2 /* TestView.h */,
				864D8E8420284CDF00FD83A2 /* TestView.m */,
			);
			path = TestView;
			sourceTree = "<group>";
		};
		8FC7F8924CDE4DD0A8D052FD /* Frameworks */ = {
			isa = PBXGroup;
			children = (
				7435BB3D3EE3C696ADE5053A /* libPods-Helloworld.a */,
			);
			name = Frameworks;
			sourceTree = "<group>";
		};
		ED78E5570FE23021A14CAAFE /* Pods */ = {
			isa = PBXGroup;
			children = (
				E436FEC11EB9267BA999AF0D /* Pods-Helloworld.debug.xcconfig */,
				8C1A696B1ED8C603FE8348D4 /* Pods-Helloworld.release.xcconfig */,
			);
			name = Pods;
			sourceTree = "<group>";
		};
/* End PBXGroup section */

/* Begin PBXNativeTarget section */
		864D8E4C20283B8800FD83A2 /* Helloworld */ = {
			isa = PBXNativeTarget;
			buildConfigurationList = 864D8E7920283B8800FD83A2 /* Build configuration list for PBXNativeTarget "Helloworld" */;
			buildPhases = (
				46B74B536743A099331AFBB1 /* [CP] Check Pods Manifest.lock */,
				864D8E4920283B8800FD83A2 /* Sources */,
				864D8E4A20283B8800FD83A2 /* Frameworks */,
				864D8E4B20283B8800FD83A2 /* Resources */,
				C9F54EFDAA80BE590CFCA6AF /* [CP] Embed Pods Frameworks */,
				ABF3F11305C196E442038124 /* [CP] Copy Pods Resources */,
			);
			buildRules = (
			);
			dependencies = (
			);
			name = Helloworld;
			productName = Helloworld;
			productReference = 864D8E4D20283B8800FD83A2 /* Helloworld.app */;
			productType = "com.apple.product-type.application";
		};
		864D8E6420283B8800FD83A2 /* HelloworldTests */ = {
			isa = PBXNativeTarget;
			buildConfigurationList = 864D8E7C20283B8800FD83A2 /* Build configuration list for PBXNativeTarget "HelloworldTests" */;
			buildPhases = (
				864D8E6120283B8800FD83A2 /* Sources */,
				864D8E6220283B8800FD83A2 /* Frameworks */,
				864D8E6320283B8800FD83A2 /* Resources */,
			);
			buildRules = (
			);
			dependencies = (
				864D8E6720283B8800FD83A2 /* PBXTargetDependency */,
			);
			name = HelloworldTests;
			productName = HelloworldTests;
			productReference = 864D8E6520283B8800FD83A2 /* HelloworldTests.xctest */;
			productType = "com.apple.product-type.bundle.unit-test";
		};
		864D8E6F20283B8800FD83A2 /* HelloworldUITests */ = {
			isa = PBXNativeTarget;
			buildConfigurationList = 864D8E7F20283B8800FD83A2 /* Build configuration list for PBXNativeTarget "HelloworldUITests" */;
			buildPhases = (
				864D8E6C20283B8800FD83A2 /* Sources */,
				864D8E6D20283B8800FD83A2 /* Frameworks */,
				864D8E6E20283B8800FD83A2 /* Resources */,
			);
			buildRules = (
			);
			dependencies = (
				864D8E7220283B8800FD83A2 /* PBXTargetDependency */,
			);
			name = HelloworldUITests;
			productName = HelloworldUITests;
			productReference = 864D8E7020283B8800FD83A2 /* HelloworldUITests.xctest */;
			productType = "com.apple.product-type.bundle.ui-testing";
		};
/* End PBXNativeTarget section */

/* Begin PBXProject section */
		864D8E4520283B8800FD83A2 /* Project object */ = {
			isa = PBXProject;
			attributes = {
				LastUpgradeCheck = 0920;
				ORGANIZATIONNAME = UUMac;
				TargetAttributes = {
					864D8E4C20283B8800FD83A2 = {
						CreatedOnToolsVersion = 9.2;
						ProvisioningStyle = Automatic;
					};
					864D8E6420283B8800FD83A2 = {
						CreatedOnToolsVersion = 9.2;
						ProvisioningStyle = Automatic;
						TestTargetID = 864D8E4C20283B8800FD83A2;
					};
					864D8E6F20283B8800FD83A2 = {
						CreatedOnToolsVersion = 9.2;
						ProvisioningStyle = Automatic;
						TestTargetID = 864D8E4C20283B8800FD83A2;
					};
				};
			};
			buildConfigurationList = 864D8E4820283B8800FD83A2 /* Build configuration list for PBXProject "Helloworld" */;
			compatibilityVersion = "Xcode 8.0";
			developmentRegion = en;
			hasScannedForEncodings = 0;
			knownRegions = (
				en,
				Base,
			);
			mainGroup = 864D8E4420283B8800FD83A2;
			productRefGroup = 864D8E4E20283B8800FD83A2 /* Products */;
			projectDirPath = "";
			projectRoot = "";
			targets = (
				864D8E4C20283B8800FD83A2 /* Helloworld */,
				864D8E6420283B8800FD83A2 /* HelloworldTests */,
				864D8E6F20283B8800FD83A2 /* HelloworldUITests */,
			);
		};
/* End PBXProject section */

/* Begin PBXResourcesBuildPhase section */
		864D8E4B20283B8800FD83A2 /* Resources */ = {
			isa = PBXResourcesBuildPhase;
			buildActionMask = 2147483647;
			files = (
				864D8E5D20283B8800FD83A2 /* LaunchScreen.storyboard in Resources */,
				864D8E5A20283B8800FD83A2 /* Assets.xcassets in Resources */,
				864D8E5820283B8800FD83A2 /* Main.storyboard in Resources */,
			);
			runOnlyForDeploymentPostprocessing = 0;
		};
		864D8E6320283B8800FD83A2 /* Resources */ = {
			isa = PBXResourcesBuildPhase;
			buildActionMask = 2147483647;
			files = (
			);
			runOnlyForDeploymentPostprocessing = 0;
		};
		864D8E6E20283B8800FD83A2 /* Resources */ = {
			isa = PBXResourcesBuildPhase;
			buildActionMask = 2147483647;
			files = (
			);
			runOnlyForDeploymentPostprocessing = 0;
		};
/* End PBXResourcesBuildPhase section */

/* Begin PBXShellScriptBuildPhase section */
		46B74B536743A099331AFBB1 /* [CP] Check Pods Manifest.lock */ = {
			isa = PBXShellScriptBuildPhase;
			buildActionMask = 2147483647;
			files = (
			);
			inputPaths = (
				"${PODS_PODFILE_DIR_PATH}/Podfile.lock",
				"${PODS_ROOT}/Manifest.lock",
			);
			name = "[CP] Check Pods Manifest.lock";
			outputPaths = (
				"$(DERIVED_FILE_DIR)/Pods-Helloworld-checkManifestLockResult.txt",
			);
			runOnlyForDeploymentPostprocessing = 0;
			shellPath = /bin/sh;
			shellScript = "diff \"${PODS_PODFILE_DIR_PATH}/Podfile.lock\" \"${PODS_ROOT}/Manifest.lock\" > /dev/null\nif [ $? != 0 ] ; then\n    # print error to STDERR\n    echo \"error: The sandbox is not in sync with the Podfile.lock. Run 'pod install' or update your CocoaPods installation.\" >&2\n    exit 1\nfi\n# This output is used by Xcode 'outputs' to avoid re-running this script phase.\necho \"SUCCESS\" > \"${SCRIPT_OUTPUT_FILE_0}\"\n";
			showEnvVarsInLog = 0;
		};
		ABF3F11305C196E442038124 /* [CP] Copy Pods Resources */ = {
			isa = PBXShellScriptBuildPhase;
			buildActionMask = 2147483647;
			files = (
			);
			inputPaths = (
			);
			name = "[CP] Copy Pods Resources";
			outputPaths = (
			);
			runOnlyForDeploymentPostprocessing = 0;
			shellPath = /bin/sh;
			shellScript = "\"${SRCROOT}/Pods/Target Support Files/Pods-Helloworld/Pods-Helloworld-resources.sh\"\n";
			showEnvVarsInLog = 0;
		};
		C9F54EFDAA80BE590CFCA6AF /* [CP] Embed Pods Frameworks */ = {
			isa = PBXShellScriptBuildPhase;
			buildActionMask = 2147483647;
			files = (
			);
			inputPaths = (
			);
			name = "[CP] Embed Pods Frameworks";
			outputPaths = (
			);
			runOnlyForDeploymentPostprocessing = 0;
			shellPath = /bin/sh;
			shellScript = "\"${SRCROOT}/Pods/Target Support Files/Pods-Helloworld/Pods-Helloworld-frameworks.sh\"\n";
			showEnvVarsInLog = 0;
		};
/* End PBXShellScriptBuildPhase section */

/* Begin PBXSourcesBuildPhase section */
		864D8E4920283B8800FD83A2 /* Sources */ = {
			isa = PBXSourcesBuildPhase;
			buildActionMask = 2147483647;
			files = (
				864D8E8520284CDF00FD83A2 /* TestView.m in Sources */,
				864D8E5520283B8800FD83A2 /* ViewController.m in Sources */,
				864D8E6020283B8800FD83A2 /* main.m in Sources */,
				864D8E5220283B8800FD83A2 /* AppDelegate.m in Sources */,
			);
			runOnlyForDeploymentPostprocessing = 0;
		};
		864D8E6120283B8800FD83A2 /* Sources */ = {
			isa = PBXSourcesBuildPhase;
			buildActionMask = 2147483647;
			files = (
				864D8E6A20283B8800FD83A2 /* HelloworldTests.m in Sources */,
			);
			runOnlyForDeploymentPostprocessing = 0;
		};
		864D8E6C20283B8800FD83A2 /* Sources */ = {
			isa = PBXSourcesBuildPhase;
			buildActionMask = 2147483647;
			files = (
				864D8E7520283B8800FD83A2 /* HelloworldUITests.m in Sources */,
			);
			runOnlyForDeploymentPostprocessing = 0;
		};
/* End PBXSourcesBuildPhase section */

/* Begin PBXTargetDependency section */
		864D8E6720283B8800FD83A2 /* PBXTargetDependency */ = {
			isa = PBXTargetDependency;
			target = 864D8E4C20283B8800FD83A2 /* Helloworld */;
			targetProxy = 864D8E6620283B8800FD83A2 /* PBXContainerItemProxy */;
		};
		864D8E7220283B8800FD83A2 /* PBXTargetDependency */ = {
			isa = PBXTargetDependency;
			target = 864D8E4C20283B8800FD83A2 /* Helloworld */;
			targetProxy = 864D8E7120283B8800FD83A2 /* PBXContainerItemProxy */;
		};
/* End PBXTargetDependency section */

/* Begin PBXVariantGroup section */
		864D8E5620283B8800FD83A2 /* Main.storyboard */ = {
			isa = PBXVariantGroup;
			children = (
				864D8E5720283B8800FD83A2 /* Base */,
			);
			name = Main.storyboard;
			sourceTree = "<group>";
		};
		864D8E5B20283B8800FD83A2 /* LaunchScreen.storyboard */ = {
			isa = PBXVariantGroup;
			children = (
				864D8E5C20283B8800FD83A2 /* Base */,
			);
			name = LaunchScreen.storyboard;
			sourceTree = "<group>";
		};
/* End PBXVariantGroup section */

/* Begin XCBuildConfiguration section */
		864D8E7720283B8800FD83A2 /* Debug */ = {
			isa = XCBuildConfiguration;
			buildSettings = {
				ALWAYS_SEARCH_USER_PATHS = NO;
				CLANG_ANALYZER_NONNULL = YES;
				CLANG_ANALYZER_NUMBER_OBJECT_CONVERSION = YES_AGGRESSIVE;
				CLANG_CXX_LANGUAGE_STANDARD = "gnu++14";
				CLANG_CXX_LIBRARY = "libc++";
				CLANG_ENABLE_MODULES = YES;
				CLANG_ENABLE_OBJC_ARC = YES;
				CLANG_WARN_BLOCK_CAPTURE_AUTORELEASING = YES;
				CLANG_WARN_BOOL_CONVERSION = YES;
				CLANG_WARN_COMMA = YES;
				CLANG_WARN_CONSTANT_CONVERSION = YES;
				CLANG_WARN_DIRECT_OBJC_ISA_USAGE = YES_ERROR;
				CLANG_WARN_DOCUMENTATION_COMMENTS = YES;
				CLANG_WARN_EMPTY_BODY = YES;
				CLANG_WARN_ENUM_CONVERSION = YES;
				CLANG_WARN_INFINITE_RECURSION = YES;
				CLANG_WARN_INT_CONVERSION = YES;
				CLANG_WARN_NON_LITERAL_NULL_CONVERSION = YES;
				CLANG_WARN_OBJC_LITERAL_CONVERSION = YES;
				CLANG_WARN_OBJC_ROOT_CLASS = YES_ERROR;
				CLANG_WARN_RANGE_LOOP_ANALYSIS = YES;
				CLANG_WARN_STRICT_PROTOTYPES = YES;
				CLANG_WARN_SUSPICIOUS_MOVE = YES;
				CLANG_WARN_UNGUARDED_AVAILABILITY = YES_AGGRESSIVE;
				CLANG_WARN_UNREACHABLE_CODE = YES;
				CLANG_WARN__DUPLICATE_METHOD_MATCH = YES;
				CODE_SIGN_IDENTITY = "iPhone Developer";
				COPY_PHASE_STRIP = NO;
				DEBUG_INFORMATION_FORMAT = dwarf;
				ENABLE_STRICT_OBJC_MSGSEND = YES;
				ENABLE_TESTABILITY = YES;
				GCC_C_LANGUAGE_STANDARD = gnu11;
				GCC_DYNAMIC_NO_PIC = NO;
				GCC_NO_COMMON_BLOCKS = YES;
				GCC_OPTIMIZATION_LEVEL = 0;
				GCC_PREPROCESSOR_DEFINITIONS = (
					"DEBUG=1",
					"$(inherited)",
				);
				GCC_WARN_64_TO_32_BIT_CONVERSION = YES;
				GCC_WARN_ABOUT_RETURN_TYPE = YES_ERROR;
				GCC_WARN_UNDECLARED_SELECTOR = YES;
				GCC_WARN_UNINITIALIZED_AUTOS = YES_AGGRESSIVE;
				GCC_WARN_UNUSED_FUNCTION = YES;
				GCC_WARN_UNUSED_VARIABLE = YES;
				IPHONEOS_DEPLOYMENT_TARGET = 11.2;
				MTL_ENABLE_DEBUG_INFO = YES;
				ONLY_ACTIVE_ARCH = YES;
				SDKROOT = iphoneos;
			};
			name = Debug;
		};
		864D8E7820283B8800FD83A2 /* Release */ = {
			isa = XCBuildConfiguration;
			buildSettings = {
				ALWAYS_SEARCH_USER_PATHS = NO;
				CLANG_ANALYZER_NONNULL = YES;
				CLANG_ANALYZER_NUMBER_OBJECT_CONVERSION = YES_AGGRESSIVE;
				CLANG_CXX_LANGUAGE_STANDARD = "gnu++14";
				CLANG_CXX_LIBRARY = "libc++";
				CLANG_ENABLE_MODULES = YES;
				CLANG_ENABLE_OBJC_ARC = YES;
				CLANG_WARN_BLOCK_CAPTURE_AUTORELEASING = YES;
				CLANG_WARN_BOOL_CONVERSION = YES;
				CLANG_WARN_COMMA = YES;
				CLANG_WARN_CONSTANT_CONVERSION = YES;
				CLANG_WARN_DIRECT_OBJC_ISA_USAGE = YES_ERROR;
				CLANG_WARN_DOCUMENTATION_COMMENTS = YES;
				CLANG_WARN_EMPTY_BODY = YES;
				CLANG_WARN_ENUM_CONVERSION = YES;
				CLANG_WARN_INFINITE_RECURSION = YES;
				CLANG_WARN_INT_CONVERSION = YES;
				CLANG_WARN_NON_LITERAL_NULL_CONVERSION = YES;
				CLANG_WARN_OBJC_LITERAL_CONVERSION = YES;
				CLANG_WARN_OBJC_ROOT_CLASS = YES_ERROR;
				CLANG_WARN_RANGE_LOOP_ANALYSIS = YES;
				CLANG_WARN_STRICT_PROTOTYPES = YES;
				CLANG_WARN_SUSPICIOUS_MOVE = YES;
				CLANG_WARN_UNGUARDED_AVAILABILITY = YES_AGGRESSIVE;
				CLANG_WARN_UNREACHABLE_CODE = YES;
				CLANG_WARN__DUPLICATE_METHOD_MATCH = YES;
				CODE_SIGN_IDENTITY = "iPhone Developer";
				COPY_PHASE_STRIP = NO;
				DEBUG_INFORMATION_FORMAT = "dwarf-with-dsym";
				ENABLE_NS_ASSERTIONS = NO;
				ENABLE_STRICT_OBJC_MSGSEND = YES;
				GCC_C_LANGUAGE_STANDARD = gnu11;
				GCC_NO_COMMON_BLOCKS = YES;
				GCC_WARN_64_TO_32_BIT_CONVERSION = YES;
				GCC_WARN_ABOUT_RETURN_TYPE = YES_ERROR;
				GCC_WARN_UNDECLARED_SELECTOR = YES;
				GCC_WARN_UNINITIALIZED_AUTOS = YES_AGGRESSIVE;
				GCC_WARN_UNUSED_FUNCTION = YES;
				GCC_WARN_UNUSED_VARIABLE = YES;
				IPHONEOS_DEPLOYMENT_TARGET = 11.2;
				MTL_ENABLE_DEBUG_INFO = NO;
				SDKROOT = iphoneos;
				VALIDATE_PRODUCT = YES;
			};
			name = Release;
		};
		864D8E7A20283B8800FD83A2 /* Debug */ = {
			isa = XCBuildConfiguration;
			baseConfigurationReference = E436FEC11EB9267BA999AF0D /* Pods-Helloworld.debug.xcconfig */;
			buildSettings = {
				ASSETCATALOG_COMPILER_APPICON_NAME = AppIcon;
				CODE_SIGN_STYLE = Automatic;
				INFOPLIST_FILE = Helloworld/Info.plist;
				LD_RUNPATH_SEARCH_PATHS = "$(inherited) @executable_path/Frameworks";
				PRODUCT_BUNDLE_IDENTIFIER = com.test.Helloworld;
				PRODUCT_NAME = "$(TARGET_NAME)";
				TARGETED_DEVICE_FAMILY = "1,2";
			};
			name = Debug;
		};
		864D8E7B20283B8800FD83A2 /* Release */ = {
			isa = XCBuildConfiguration;
			baseConfigurationReference = 8C1A696B1ED8C603FE8348D4 /* Pods-Helloworld.release.xcconfig */;
			buildSettings = {
				ASSETCATALOG_COMPILER_APPICON_NAME = AppIcon;
				CODE_SIGN_STYLE = Automatic;
				INFOPLIST_FILE = Helloworld/Info.plist;
				LD_RUNPATH_SEARCH_PATHS = "$(inherited) @executable_path/Frameworks";
				PRODUCT_BUNDLE_IDENTIFIER = com.test.Helloworld;
				PRODUCT_NAME = "$(TARGET_NAME)";
				TARGETED_DEVICE_FAMILY = "1,2";
			};
			name = Release;
		};
		864D8E7D20283B8800FD83A2 /* Debug */ = {
			isa = XCBuildConfiguration;
			buildSettings = {
				BUNDLE_LOADER = "$(TEST_HOST)";
				CODE_SIGN_STYLE = Automatic;
				INFOPLIST_FILE = HelloworldTests/Info.plist;
				LD_RUNPATH_SEARCH_PATHS = "$(inherited) @executable_path/Frameworks @loader_path/Frameworks";
				PRODUCT_BUNDLE_IDENTIFIER = com.test.HelloworldTests;
				PRODUCT_NAME = "$(TARGET_NAME)";
				TARGETED_DEVICE_FAMILY = "1,2";
				TEST_HOST = "$(BUILT_PRODUCTS_DIR)/Helloworld.app/Helloworld";
			};
			name = Debug;
		};
		864D8E7E20283B8800FD83A2 /* Release */ = {
			isa = XCBuildConfiguration;
			buildSettings = {
				BUNDLE_LOADER = "$(TEST_HOST)";
				CODE_SIGN_STYLE = Automatic;
				INFOPLIST_FILE = HelloworldTests/Info.plist;
				LD_RUNPATH_SEARCH_PATHS = "$(inherited) @executable_path/Frameworks @loader_path/Frameworks";
				PRODUCT_BUNDLE_IDENTIFIER = com.test.HelloworldTests;
				PRODUCT_NAME = "$(TARGET_NAME)";
				TARGETED_DEVICE_FAMILY = "1,2";
				TEST_HOST = "$(BUILT_PRODUCTS_DIR)/Helloworld.app/Helloworld";
			};
			name = Release;
		};
		864D8E8020283B8800FD83A2 /* Debug */ = {
			isa = XCBuildConfiguration;
			buildSettings = {
				CODE_SIGN_STYLE = Automatic;
				INFOPLIST_FILE = HelloworldUITests/Info.plist;
				LD_RUNPATH_SEARCH_PATHS = "$(inherited) @executable_path/Frameworks @loader_path/Frameworks";
				PRODUCT_BUNDLE_IDENTIFIER = com.test.HelloworldUITests;
				PRODUCT_NAME = "$(TARGET_NAME)";
				TARGETED_DEVICE_FAMILY = "1,2";
				TEST_TARGET_NAME = Helloworld;
			};
			name = Debug;
		};
		864D8E8120283B8800FD83A2 /* Release */ = {
			isa = XCBuildConfiguration;
			buildSettings = {
				CODE_SIGN_STYLE = Automatic;
				INFOPLIST_FILE = HelloworldUITests/Info.plist;
				LD_RUNPATH_SEARCH_PATHS = "$(inherited) @executable_path/Frameworks @loader_path/Frameworks";
				PRODUCT_BUNDLE_IDENTIFIER = com.test.HelloworldUITests;
				PRODUCT_NAME = "$(TARGET_NAME)";
				TARGETED_DEVICE_FAMILY = "1,2";
				TEST_TARGET_NAME = Helloworld;
			};
			name = Release;
		};
/* End XCBuildConfiguration section */

/* Begin XCConfigurationList section */
		864D8E4820283B8800FD83A2 /* Build configuration list for PBXProject "Helloworld" */ = {
			isa = XCConfigurationList;
			buildConfigurations = (
				864D8E7720283B8800FD83A2 /* Debug */,
				864D8E7820283B8800FD83A2 /* Release */,
			);
			defaultConfigurationIsVisible = 0;
			defaultConfigurationName = Release;
		};
		864D8E7920283B8800FD83A2 /* Build configuration list for PBXNativeTarget "Helloworld" */ = {
			isa = XCConfigurationList;
			buildConfigurations = (
				864D8E7A20283B8800FD83A2 /* Debug */,
				864D8E7B20283B8800FD83A2 /* Release */,
			);
			defaultConfigurationIsVisible = 0;
			defaultConfigurationName = Release;
		};
		864D8E7C20283B8800FD83A2 /* Build configuration list for PBXNativeTarget "HelloworldTests" */ = {
			isa = XCConfigurationList;
			buildConfigurations = (
				864D8E7D20283B8800FD83A2 /* Debug */,
				864D8E7E20283B8800FD83A2 /* Release */,
			);
			defaultConfigurationIsVisible = 0;
			defaultConfigurationName = Release;
		};
		864D8E7F20283B8800FD83A2 /* Build configuration list for PBXNativeTarget "HelloworldUITests" */ = {
			isa = XCConfigurationList;
			buildConfigurations = (
				864D8E8020283B8800FD83A2 /* Debug */,
				864D8E8120283B8800FD83A2 /* Release */,
			);
			defaultConfigurationIsVisible = 0;
			defaultConfigurationName = Release;
		};
/* End XCConfigurationList section */
	};
	rootObject = 864D8E4520283B8800FD83A2 /* Project object */;
}
